
Microsoft Visual Studio Solution File, Format Version 12.00
# Visual Studio Version 16
VisualStudioVersion = 16.0.32929.386
MinimumVisualStudioVersion = 10.0.40219.1
Project("{FAE04EC0-301F-11D3-BF4B-00C04F79EFBC}") = "gezgiin", "gezgiin\gezgiin.csproj", "{F3A3AA7F-58B9-45DC-8187-DEDA1D24DF76}"
EndProject
Global
	GlobalSection(SolutionConfigurationPlatforms) = preSolution
		Debug|Any CPU = Debug|Any CPU
		Release|Any CPU = Release|Any CPU
	EndGlobalSection
	GlobalSection(ProjectConfigurationPlatforms) = postSolution
		{F3A3AA7F-58B9-45DC-8187-DEDA1D24DF76}.Debug|Any CPU.ActiveCfg = Debug|Any CPU
		{F3A3AA7F-58B9-45DC-8187-DEDA1D24DF76}.Debug|Any CPU.Build.0 = Debug|Any CPU
		{F3A3AA7F-58B9-45DC-8187-DEDA1D24DF76}.Release|Any CPU.ActiveCfg = Release|Any CPU
		{F3A3AA7F-58B9-45DC-8187-DEDA1D24DF76}.Release|Any CPU.Build.0 = Release|Any CPU
	EndGlobalSection
	GlobalSection(SolutionProperties) = preSolution
		HideSolutionNode = FALSE
	EndGlobalSection
	GlobalSection(ExtensibilityGlobals) = postSolution
		SolutionGuid = {C6DA7DE2-27F1-4788-978F-5E4894A35432}
	EndGlobalSection
EndGlobal
